
Microsoft Visual Studio Solution File, Format Version 12.00
# Visual Studio 15
VisualStudioVersion = 15.0.28307.1082
MinimumVisualStudioVersion = 10.0.40219.1
Project("{FAE04EC0-301F-11D3-BF4B-00C04F79EFBC}") = "Task2_Prac3", "ProductStore\Task2_Prac3.csproj", "{ED8AAE48-AB19-43CD-9335-9A588BD6D23C}"
EndProject
Global
	GlobalSection(SolutionConfigurationPlatforms) = preSolution
		Debug|Any CPU = Debug|Any CPU
		Release|Any CPU = Release|Any CPU
	EndGlobalSection
	GlobalSection(ProjectConfigurationPlatforms) = postSolution
		{ED8AAE48-AB19-43CD-9335-9A588BD6D23C}.Debug|Any CPU.ActiveCfg = Debug|Any CPU
		{ED8AAE48-AB19-43CD-9335-9A588BD6D23C}.Debug|Any CPU.Build.0 = Debug|Any CPU
		{ED8AAE48-AB19-43CD-9335-9A588BD6D23C}.Release|Any CPU.ActiveCfg = Release|Any CPU
		{ED8AAE48-AB19-43CD-9335-9A588BD6D23C}.Release|Any CPU.Build.0 = Release|Any CPU
	EndGlobalSection
	GlobalSection(SolutionProperties) = preSolution
		HideSolutionNode = FALSE
	EndGlobalSection
	GlobalSection(ExtensibilityGlobals) = postSolution
		SolutionGuid = {BF676D64-1822-473B-AB85-26561FE8C051}
	EndGlobalSection
EndGlobal
