
Microsoft Visual Studio Solution File, Format Version 12.00
# Visual Studio 15
VisualStudioVersion = 15.0.28307.572
MinimumVisualStudioVersion = 10.0.40219.1
Project("{FAE04EC0-301F-11D3-BF4B-00C04F79EFBC}") = "Task2_Prac2", "WebAPI2\Task2_Prac2.csproj", "{39C40B17-BDF9-4669-AFD9-E1F5112D00FC}"
EndProject
Global
	GlobalSection(SolutionConfigurationPlatforms) = preSolution
		Debug|Any CPU = Debug|Any CPU
		Release|Any CPU = Release|Any CPU
	EndGlobalSection
	GlobalSection(ProjectConfigurationPlatforms) = postSolution
		{39C40B17-BDF9-4669-AFD9-E1F5112D00FC}.Debug|Any CPU.ActiveCfg = Debug|Any CPU
		{39C40B17-BDF9-4669-AFD9-E1F5112D00FC}.Debug|Any CPU.Build.0 = Debug|Any CPU
		{39C40B17-BDF9-4669-AFD9-E1F5112D00FC}.Release|Any CPU.ActiveCfg = Release|Any CPU
		{39C40B17-BDF9-4669-AFD9-E1F5112D00FC}.Release|Any CPU.Build.0 = Release|Any CPU
	EndGlobalSection
	GlobalSection(SolutionProperties) = preSolution
		HideSolutionNode = FALSE
	EndGlobalSection
	GlobalSection(ExtensibilityGlobals) = postSolution
		SolutionGuid = {35C4AB1C-1B9C-42E7-8522-D565D0E706E4}
	EndGlobalSection
EndGlobal
